# This file is automatically @generated by Cargo.
# It is not intended for manual editing.
[[package]]
name = "complex_counter"
version = "0.1.0"
dependencies = [
 "pd-ext 0.1.0",
 "pd-ext-macros 0.1.0",
 "pd-sys 0.1.0 (registry+https://github.com/rust-lang/crates.io-index)",
]

[[package]]
name = "field-offset"
version = "0.1.1"
source = "registry+https://github.com/rust-lang/crates.io-index"

[[package]]
name = "pd-ext"
version = "0.1.0"
dependencies = [
 "field-offset 0.1.1 (registry+https://github.com/rust-lang/crates.io-index)",
 "pd-sys 0.1.0 (registry+https://github.com/rust-lang/crates.io-index)",
 "proc-macro2 0.4.30 (registry+https://github.com/rust-lang/crates.io-index)",
 "quote 0.6.13 (registry+https://github.com/rust-lang/crates.io-index)",
 "syn 0.15.43 (registry+https://github.com/rust-lang/crates.io-index)",
]

[[package]]
name = "pd-ext-macros"
version = "0.1.0"
dependencies = [
 "proc-macro2 0.4.30 (registry+https://github.com/rust-lang/crates.io-index)",
 "quote 0.6.13 (registry+https://github.com/rust-lang/crates.io-index)",
 "syn 0.15.43 (registry+https://github.com/rust-lang/crates.io-index)",
]

[[package]]
name = "pd-sys"
version = "0.1.0"
source = "registry+https://github.com/rust-lang/crates.io-index"

[[package]]
name = "proc-macro2"
version = "0.4.30"
source = "registry+https://github.com/rust-lang/crates.io-index"
dependencies = [
 "unicode-xid 0.1.0 (registry+https://github.com/rust-lang/crates.io-index)",
]

[[package]]
name = "quote"
version = "0.6.13"
source = "registry+https://github.com/rust-lang/crates.io-index"
dependencies = [
 "proc-macro2 0.4.30 (registry+https://github.com/rust-lang/crates.io-index)",
]

[[package]]
name = "syn"
version = "0.15.43"
source = "registry+https://github.com/rust-lang/crates.io-index"
dependencies = [
 "proc-macro2 0.4.30 (registry+https://github.com/rust-lang/crates.io-index)",
 "quote 0.6.13 (registry+https://github.com/rust-lang/crates.io-index)",
 "unicode-xid 0.1.0 (registry+https://github.com/rust-lang/crates.io-index)",
]

[[package]]
name = "unicode-xid"
version = "0.1.0"
source = "registry+https://github.com/rust-lang/crates.io-index"

[metadata]
"checksum field-offset 0.1.1 (registry+https://github.com/rust-lang/crates.io-index)" = "64e9bc339e426139e02601fa69d101e96a92aee71b58bc01697ec2a63a5c9e68"
"checksum pd-sys 0.1.0 (registry+https://github.com/rust-lang/crates.io-index)" = "2d277c9097b9df013dd6c0712ec0f55fbcd0cf78c6e5c2e509c022d0c353fedc"
"checksum proc-macro2 0.4.30 (registry+https://github.com/rust-lang/crates.io-index)" = "cf3d2011ab5c909338f7887f4fc896d35932e29146c12c8d01da6b22a80ba759"
"checksum quote 0.6.13 (registry+https://github.com/rust-lang/crates.io-index)" = "6ce23b6b870e8f94f81fb0a363d65d86675884b34a09043c81e5562f11c1f8e1"
"checksum syn 0.15.43 (registry+https://github.com/rust-lang/crates.io-index)" = "ee06ea4b620ab59a2267c6b48be16244a3389f8bfa0986bdd15c35b890b00af3"
"checksum unicode-xid 0.1.0 (registry+https://github.com/rust-lang/crates.io-index)" = "fc72304796d0818e357ead4e000d19c9c174ab23dc11093ac919054d20a6a7fc"
